
Microsoft Visual Studio Solution File, Format Version 12.00
# Visual Studio Version 17
VisualStudioVersion = 17.7.34031.279
MinimumVisualStudioVersion = 10.0.40219.1
Project("{9A19103F-16F7-4668-BE54-9A1E7A4F7556}") = "RadioUtilities", "RadioUtilities\RadioUtilities.csproj", "{65C3D495-E872-4A1B-B9C6-5919B3566739}"
EndProject
Global
	GlobalSection(SolutionConfigurationPlatforms) = preSolution
		Debug|Any CPU = Debug|Any CPU
		Release|Any CPU = Release|Any CPU
	EndGlobalSection
	GlobalSection(ProjectConfigurationPlatforms) = postSolution
		{65C3D495-E872-4A1B-B9C6-5919B3566739}.Debug|Any CPU.ActiveCfg = Debug|Any CPU
		{65C3D495-E872-4A1B-B9C6-5919B3566739}.Debug|Any CPU.Build.0 = Debug|Any CPU
		{65C3D495-E872-4A1B-B9C6-5919B3566739}.Release|Any CPU.ActiveCfg = Release|Any CPU
		{65C3D495-E872-4A1B-B9C6-5919B3566739}.Release|Any CPU.Build.0 = Release|Any CPU
	EndGlobalSection
	GlobalSection(SolutionProperties) = preSolution
		HideSolutionNode = FALSE
	EndGlobalSection
	GlobalSection(ExtensibilityGlobals) = postSolution
		SolutionGuid = {76042EBA-0111-4E2F-9087-7F8FFA3CB8B4}
	EndGlobalSection
EndGlobal
